
Microsoft Visual Studio Solution File, Format Version 12.00
# Visual Studio Version 17
VisualStudioVersion = 17.5.33424.131
MinimumVisualStudioVersion = 10.0.40219.1
Project("{FAE04EC0-301F-11D3-BF4B-00C04F79EFBC}") = "Myfirstapplication", "Myfirstapplication\Myfirstapplication.csproj", "{9A77F951-B351-466B-8EE3-AC75C7C02EB1}"
EndProject
Global
	GlobalSection(SolutionConfigurationPlatforms) = preSolution
		Debug|Any CPU = Debug|Any CPU
		Release|Any CPU = Release|Any CPU
	EndGlobalSection
	GlobalSection(ProjectConfigurationPlatforms) = postSolution
		{9A77F951-B351-466B-8EE3-AC75C7C02EB1}.Debug|Any CPU.ActiveCfg = Debug|Any CPU
		{9A77F951-B351-466B-8EE3-AC75C7C02EB1}.Debug|Any CPU.Build.0 = Debug|Any CPU
		{9A77F951-B351-466B-8EE3-AC75C7C02EB1}.Release|Any CPU.ActiveCfg = Release|Any CPU
		{9A77F951-B351-466B-8EE3-AC75C7C02EB1}.Release|Any CPU.Build.0 = Release|Any CPU
	EndGlobalSection
	GlobalSection(SolutionProperties) = preSolution
		HideSolutionNode = FALSE
	EndGlobalSection
	GlobalSection(ExtensibilityGlobals) = postSolution
		SolutionGuid = {65E05AA0-8DDA-46D7-9E8C-1E059BCB1CBC}
	EndGlobalSection
EndGlobal
