
Microsoft Visual Studio Solution File, Format Version 12.00
# Visual Studio Version 17
VisualStudioVersion = 17.5.33424.131
MinimumVisualStudioVersion = 10.0.40219.1
Project("{FAE04EC0-301F-11D3-BF4B-00C04F79EFBC}") = "get_set", "get_set\get_set.csproj", "{888AFEF1-E7DC-4B8A-9537-431FA9F3C324}"
EndProject
Global
	GlobalSection(SolutionConfigurationPlatforms) = preSolution
		Debug|Any CPU = Debug|Any CPU
		Release|Any CPU = Release|Any CPU
	EndGlobalSection
	GlobalSection(ProjectConfigurationPlatforms) = postSolution
		{888AFEF1-E7DC-4B8A-9537-431FA9F3C324}.Debug|Any CPU.ActiveCfg = Debug|Any CPU
		{888AFEF1-E7DC-4B8A-9537-431FA9F3C324}.Debug|Any CPU.Build.0 = Debug|Any CPU
		{888AFEF1-E7DC-4B8A-9537-431FA9F3C324}.Release|Any CPU.ActiveCfg = Release|Any CPU
		{888AFEF1-E7DC-4B8A-9537-431FA9F3C324}.Release|Any CPU.Build.0 = Release|Any CPU
	EndGlobalSection
	GlobalSection(SolutionProperties) = preSolution
		HideSolutionNode = FALSE
	EndGlobalSection
	GlobalSection(ExtensibilityGlobals) = postSolution
		SolutionGuid = {75076463-49F8-4821-BFDF-E3651A66A3B0}
	EndGlobalSection
EndGlobal
